// !$*UTF8*$!
{
	archiveVersion = 1;
	classes = {
	};
	objectVersion = 50;
	objects = {

/* Begin PBXBuildFile section */
		5F0E748223750D9600F423C6 /* AppDelegate.swift in Sources */ = {isa = PBXBuildFile; fileRef = 5F0E748123750D9600F423C6 /* AppDelegate.swift */; };
		5F0E748423750D9600F423C6 /* SceneDelegate.swift in Sources */ = {isa = PBXBuildFile; fileRef = 5F0E748323750D9600F423C6 /* SceneDelegate.swift */; };
		5F0E748623750D9600F423C6 /* ContentView.swift in Sources */ = {isa = PBXBuildFile; fileRef = 5F0E748523750D9600F423C6 /* ContentView.swift */; };
		5F0E748823750D9900F423C6 /* Assets.xcassets in Resources */ = {isa = PBXBuildFile; fileRef = 5F0E748723750D9900F423C6 /* Assets.xcassets */; };
		5F0E748B23750D9900F423C6 /* Preview Assets.xcassets in Resources */ = {isa = PBXBuildFile; fileRef = 5F0E748A23750D9900F423C6 /* Preview Assets.xcassets */; };
		5F0E748E23750D9900F423C6 /* LaunchScreen.storyboard in Resources */ = {isa = PBXBuildFile; fileRef = 5F0E748C23750D9900F423C6 /* LaunchScreen.storyboard */; };
		5F0E749923750D9A00F423C6 /* CurrencyConversionTests.swift in Sources */ = {isa = PBXBuildFile; fileRef = 5F0E749823750D9A00F423C6 /* CurrencyConversionTests.swift */; };
		5F0E74A423750D9A00F423C6 /* CurrencyConversionUITests.swift in Sources */ = {isa = PBXBuildFile; fileRef = 5F0E74A323750D9A00F423C6 /* CurrencyConversionUITests.swift */; };
		5F0E74B423750E5200F423C6 /* APIManager.swift in Sources */ = {isa = PBXBuildFile; fileRef = 5F0E74B323750E5200F423C6 /* APIManager.swift */; };
		5F0E74B923750FA900F423C6 /* currencyHistory.xcdatamodeld in Sources */ = {isa = PBXBuildFile; fileRef = 5F0E74B723750FA900F423C6 /* currencyHistory.xcdatamodeld */; };
		5F0E74BB237510B800F423C6 /* APIManagerProtocol.swift in Sources */ = {isa = PBXBuildFile; fileRef = 5F0E74BA237510B800F423C6 /* APIManagerProtocol.swift */; };
		5F0E74C123751BE500F423C6 /* MainViewController.swift in Sources */ = {isa = PBXBuildFile; fileRef = 5F0E74C023751BE500F423C6 /* MainViewController.swift */; };
		5F0E74C323751C1400F423C6 /* PortalViewController.swift in Sources */ = {isa = PBXBuildFile; fileRef = 5F0E74C223751C1400F423C6 /* PortalViewController.swift */; };
		5F0E74C523753C7A00F423C6 /* CCStoryboard.swift in Sources */ = {isa = PBXBuildFile; fileRef = 5F0E74C423753C7A00F423C6 /* CCStoryboard.swift */; };
/* End PBXBuildFile section */

/* Begin PBXContainerItemProxy section */
		5F0E749523750D9A00F423C6 /* PBXContainerItemProxy */ = {
			isa = PBXContainerItemProxy;
			containerPortal = 5F0E747623750D9600F423C6 /* Project object */;
			proxyType = 1;
			remoteGlobalIDString = 5F0E747D23750D9600F423C6;
			remoteInfo = CurrencyConversion;
		};
		5F0E74A023750D9A00F423C6 /* PBXContainerItemProxy */ = {
			isa = PBXContainerItemProxy;
			containerPortal = 5F0E747623750D9600F423C6 /* Project object */;
			proxyType = 1;
			remoteGlobalIDString = 5F0E747D23750D9600F423C6;
			remoteInfo = CurrencyConversion;
		};
/* End PBXContainerItemProxy section */

/* Begin PBXFileReference section */
		5F0E747E23750D9600F423C6 /* CurrencyConversion.app */ = {isa = PBXFileReference; explicitFileType = wrapper.application; includeInIndex = 0; path = CurrencyConversion.app; sourceTree = BUILT_PRODUCTS_DIR; };
		5F0E748123750D9600F423C6 /* AppDelegate.swift */ = {isa = PBXFileReference; lastKnownFileType = sourcecode.swift; path = AppDelegate.swift; sourceTree = "<group>"; };
		5F0E748323750D9600F423C6 /* SceneDelegate.swift */ = {isa = PBXFileReference; lastKnownFileType = sourcecode.swift; path = SceneDelegate.swift; sourceTree = "<group>"; };
		5F0E748523750D9600F423C6 /* ContentView.swift */ = {isa = PBXFileReference; lastKnownFileType = sourcecode.swift; path = ContentView.swift; sourceTree = "<group>"; };
		5F0E748723750D9900F423C6 /* Assets.xcassets */ = {isa = PBXFileReference; lastKnownFileType = folder.assetcatalog; path = Assets.xcassets; sourceTree = "<group>"; };
		5F0E748A23750D9900F423C6 /* Preview Assets.xcassets */ = {isa = PBXFileReference; lastKnownFileType = folder.assetcatalog; path = "Preview Assets.xcassets"; sourceTree = "<group>"; };
		5F0E748D23750D9900F423C6 /* Base */ = {isa = PBXFileReference; lastKnownFileType = file.storyboard; name = Base; path = Base.lproj/LaunchScreen.storyboard; sourceTree = "<group>"; };
		5F0E748F23750D9900F423C6 /* Info.plist */ = {isa = PBXFileReference; lastKnownFileType = text.plist.xml; path = Info.plist; sourceTree = "<group>"; };
		5F0E749423750D9A00F423C6 /* CurrencyConversionTests.xctest */ = {isa = PBXFileReference; explicitFileType = wrapper.cfbundle; includeInIndex = 0; path = CurrencyConversionTests.xctest; sourceTree = BUILT_PRODUCTS_DIR; };
		5F0E749823750D9A00F423C6 /* CurrencyConversionTests.swift */ = {isa = PBXFileReference; lastKnownFileType = sourcecode.swift; path = CurrencyConversionTests.swift; sourceTree = "<group>"; };
		5F0E749A23750D9A00F423C6 /* Info.plist */ = {isa = PBXFileReference; lastKnownFileType = text.plist.xml; path = Info.plist; sourceTree = "<group>"; };
		5F0E749F23750D9A00F423C6 /* CurrencyConversionUITests.xctest */ = {isa = PBXFileReference; explicitFileType = wrapper.cfbundle; includeInIndex = 0; path = CurrencyConversionUITests.xctest; sourceTree = BUILT_PRODUCTS_DIR; };
		5F0E74A323750D9A00F423C6 /* CurrencyConversionUITests.swift */ = {isa = PBXFileReference; lastKnownFileType = sourcecode.swift; path = CurrencyConversionUITests.swift; sourceTree = "<group>"; };
		5F0E74A523750D9A00F423C6 /* Info.plist */ = {isa = PBXFileReference; lastKnownFileType = text.plist.xml; path = Info.plist; sourceTree = "<group>"; };
		5F0E74B323750E5200F423C6 /* APIManager.swift */ = {isa = PBXFileReference; lastKnownFileType = sourcecode.swift; name = APIManager.swift; path = CurrencyConversion/Server/APIManager.swift; sourceTree = SOURCE_ROOT; };
		5F0E74B823750FA900F423C6 /* currencyHistory.xcdatamodel */ = {isa = PBXFileReference; lastKnownFileType = wrapper.xcdatamodel; path = currencyHistory.xcdatamodel; sourceTree = "<group>"; };
		5F0E74BA237510B800F423C6 /* APIManagerProtocol.swift */ = {isa = PBXFileReference; lastKnownFileType = sourcecode.swift; path = APIManagerProtocol.swift; sourceTree = "<group>"; };
		5F0E74C023751BE500F423C6 /* MainViewController.swift */ = {isa = PBXFileReference; lastKnownFileType = sourcecode.swift; path = MainViewController.swift; sourceTree = "<group>"; };
		5F0E74C223751C1400F423C6 /* PortalViewController.swift */ = {isa = PBXFileReference; lastKnownFileType = sourcecode.swift; path = PortalViewController.swift; sourceTree = "<group>"; };
		5F0E74C423753C7A00F423C6 /* CCStoryboard.swift */ = {isa = PBXFileReference; lastKnownFileType = sourcecode.swift; path = CCStoryboard.swift; sourceTree = "<group>"; };
/* End PBXFileReference section */

/* Begin PBXFrameworksBuildPhase section */
		5F0E747B23750D9600F423C6 /* Frameworks */ = {
			isa = PBXFrameworksBuildPhase;
			buildActionMask = 2147483647;
			files = (
			);
			runOnlyForDeploymentPostprocessing = 0;
		};
		5F0E749123750D9A00F423C6 /* Frameworks */ = {
			isa = PBXFrameworksBuildPhase;
			buildActionMask = 2147483647;
			files = (
			);
			runOnlyForDeploymentPostprocessing = 0;
		};
		5F0E749C23750D9A00F423C6 /* Frameworks */ = {
			isa = PBXFrameworksBuildPhase;
			buildActionMask = 2147483647;
			files = (
			);
			runOnlyForDeploymentPostprocessing = 0;
		};
/* End PBXFrameworksBuildPhase section */

/* Begin PBXGroup section */
		5F0E747523750D9600F423C6 = {
			isa = PBXGroup;
			children = (
				5F0E748023750D9600F423C6 /* CurrencyConversion */,
				5F0E749723750D9A00F423C6 /* CurrencyConversionTests */,
				5F0E74A223750D9A00F423C6 /* CurrencyConversionUITests */,
				5F0E747F23750D9600F423C6 /* Products */,
			);
			sourceTree = "<group>";
		};
		5F0E747F23750D9600F423C6 /* Products */ = {
			isa = PBXGroup;
			children = (
				5F0E747E23750D9600F423C6 /* CurrencyConversion.app */,
				5F0E749423750D9A00F423C6 /* CurrencyConversionTests.xctest */,
				5F0E749F23750D9A00F423C6 /* CurrencyConversionUITests.xctest */,
			);
			name = Products;
			sourceTree = "<group>";
		};
		5F0E748023750D9600F423C6 /* CurrencyConversion */ = {
			isa = PBXGroup;
			children = (
				5F0E74B623750E9100F423C6 /* DataEntities */,
				5F0E74B523750E5C00F423C6 /* Server */,
				5F0E74BF23751BA900F423C6 /* ViewControllers */,
				5F0E748123750D9600F423C6 /* AppDelegate.swift */,
				5F0E748323750D9600F423C6 /* SceneDelegate.swift */,
				5F0E748523750D9600F423C6 /* ContentView.swift */,
				5F0E748723750D9900F423C6 /* Assets.xcassets */,
				5F0E748C23750D9900F423C6 /* LaunchScreen.storyboard */,
				5F0E748F23750D9900F423C6 /* Info.plist */,
				5F0E748923750D9900F423C6 /* Preview Content */,
				5F0E74B723750FA900F423C6 /* currencyHistory.xcdatamodeld */,
			);
			path = CurrencyConversion;
			sourceTree = "<group>";
		};
		5F0E748923750D9900F423C6 /* Preview Content */ = {
			isa = PBXGroup;
			children = (
				5F0E74C423753C7A00F423C6 /* CCStoryboard.swift */,
				5F0E748A23750D9900F423C6 /* Preview Assets.xcassets */,
			);
			path = "Preview Content";
			sourceTree = "<group>";
		};
		5F0E749723750D9A00F423C6 /* CurrencyConversionTests */ = {
			isa = PBXGroup;
			children = (
				5F0E749823750D9A00F423C6 /* CurrencyConversionTests.swift */,
				5F0E749A23750D9A00F423C6 /* Info.plist */,
			);
			path = CurrencyConversionTests;
			sourceTree = "<group>";
		};
		5F0E74A223750D9A00F423C6 /* CurrencyConversionUITests */ = {
			isa = PBXGroup;
			children = (
				5F0E74A323750D9A00F423C6 /* CurrencyConversionUITests.swift */,
				5F0E74A523750D9A00F423C6 /* Info.plist */,
			);
			path = CurrencyConversionUITests;
			sourceTree = "<group>";
		};
		5F0E74B523750E5C00F423C6 /* Server */ = {
			isa = PBXGroup;
			children = (
				5F0E74B323750E5200F423C6 /* APIManager.swift */,
				5F0E74BA237510B800F423C6 /* APIManagerProtocol.swift */,
			);
			path = Server;
			sourceTree = "<group>";
		};
		5F0E74B623750E9100F423C6 /* DataEntities */ = {
			isa = PBXGroup;
			children = (
			);
			path = DataEntities;
			sourceTree = "<group>";
		};
		5F0E74BF23751BA900F423C6 /* ViewControllers */ = {
			isa = PBXGroup;
			children = (
				5F0E74C023751BE500F423C6 /* MainViewController.swift */,
				5F0E74C223751C1400F423C6 /* PortalViewController.swift */,
			);
			path = ViewControllers;
			sourceTree = "<group>";
		};
/* End PBXGroup section */

/* Begin PBXNativeTarget section */
		5F0E747D23750D9600F423C6 /* CurrencyConversion */ = {
			isa = PBXNativeTarget;
			buildConfigurationList = 5F0E74A823750D9A00F423C6 /* Build configuration list for PBXNativeTarget "CurrencyConversion" */;
			buildPhases = (
				5F0E747A23750D9600F423C6 /* Sources */,
				5F0E747B23750D9600F423C6 /* Frameworks */,
				5F0E747C23750D9600F423C6 /* Resources */,
			);
			buildRules = (
			);
			dependencies = (
			);
			name = CurrencyConversion;
			productName = CurrencyConversion;
			productReference = 5F0E747E23750D9600F423C6 /* CurrencyConversion.app */;
			productType = "com.apple.product-type.application";
		};
		5F0E749323750D9A00F423C6 /* CurrencyConversionTests */ = {
			isa = PBXNativeTarget;
			buildConfigurationList = 5F0E74AB23750D9A00F423C6 /* Build configuration list for PBXNativeTarget "CurrencyConversionTests" */;
			buildPhases = (
				5F0E749023750D9A00F423C6 /* Sources */,
				5F0E749123750D9A00F423C6 /* Frameworks */,
				5F0E749223750D9A00F423C6 /* Resources */,
			);
			buildRules = (
			);
			dependencies = (
				5F0E749623750D9A00F423C6 /* PBXTargetDependency */,
			);
			name = CurrencyConversionTests;
			productName = CurrencyConversionTests;
			productReference = 5F0E749423750D9A00F423C6 /* CurrencyConversionTests.xctest */;
			productType = "com.apple.product-type.bundle.unit-test";
		};
		5F0E749E23750D9A00F423C6 /* CurrencyConversionUITests */ = {
			isa = PBXNativeTarget;
			buildConfigurationList = 5F0E74AE23750D9A00F423C6 /* Build configuration list for PBXNativeTarget "CurrencyConversionUITests" */;
			buildPhases = (
				5F0E749B23750D9A00F423C6 /* Sources */,
				5F0E749C23750D9A00F423C6 /* Frameworks */,
				5F0E749D23750D9A00F423C6 /* Resources */,
			);
			buildRules = (
			);
			dependencies = (
				5F0E74A123750D9A00F423C6 /* PBXTargetDependency */,
			);
			name = CurrencyConversionUITests;
			productName = CurrencyConversionUITests;
			productReference = 5F0E749F23750D9A00F423C6 /* CurrencyConversionUITests.xctest */;
			productType = "com.apple.product-type.bundle.ui-testing";
		};
/* End PBXNativeTarget section */

/* Begin PBXProject section */
		5F0E747623750D9600F423C6 /* Project object */ = {
			isa = PBXProject;
			attributes = {
				LastSwiftUpdateCheck = 1110;
				LastUpgradeCheck = 1110;
				ORGANIZATIONNAME = "Yi-Ling Wu";
				TargetAttributes = {
					5F0E747D23750D9600F423C6 = {
						CreatedOnToolsVersion = 11.1;
					};
					5F0E749323750D9A00F423C6 = {
						CreatedOnToolsVersion = 11.1;
						TestTargetID = 5F0E747D23750D9600F423C6;
					};
					5F0E749E23750D9A00F423C6 = {
						CreatedOnToolsVersion = 11.1;
						TestTargetID = 5F0E747D23750D9600F423C6;
					};
				};
			};
			buildConfigurationList = 5F0E747923750D9600F423C6 /* Build configuration list for PBXProject "CurrencyConversion" */;
			compatibilityVersion = "Xcode 9.3";
			developmentRegion = en;
			hasScannedForEncodings = 0;
			knownRegions = (
				en,
				Base,
			);
			mainGroup = 5F0E747523750D9600F423C6;
			productRefGroup = 5F0E747F23750D9600F423C6 /* Products */;
			projectDirPath = "";
			projectRoot = "";
			targets = (
				5F0E747D23750D9600F423C6 /* CurrencyConversion */,
				5F0E749323750D9A00F423C6 /* CurrencyConversionTests */,
				5F0E749E23750D9A00F423C6 /* CurrencyConversionUITests */,
			);
		};
/* End PBXProject section */

/* Begin PBXResourcesBuildPhase section */
		5F0E747C23750D9600F423C6 /* Resources */ = {
			isa = PBXResourcesBuildPhase;
			buildActionMask = 2147483647;
			files = (
				5F0E748E23750D9900F423C6 /* LaunchScreen.storyboard in Resources */,
				5F0E748B23750D9900F423C6 /* Preview Assets.xcassets in Resources */,
				5F0E748823750D9900F423C6 /* Assets.xcassets in Resources */,
			);
			runOnlyForDeploymentPostprocessing = 0;
		};
		5F0E749223750D9A00F423C6 /* Resources */ = {
			isa = PBXResourcesBuildPhase;
			buildActionMask = 2147483647;
			files = (
			);
			runOnlyForDeploymentPostprocessing = 0;
		};
		5F0E749D23750D9A00F423C6 /* Resources */ = {
			isa = PBXResourcesBuildPhase;
			buildActionMask = 2147483647;
			files = (
			);
			runOnlyForDeploymentPostprocessing = 0;
		};
/* End PBXResourcesBuildPhase section */

/* Begin PBXSourcesBuildPhase section */
		5F0E747A23750D9600F423C6 /* Sources */ = {
			isa = PBXSourcesBuildPhase;
			buildActionMask = 2147483647;
			files = (
				5F0E74C123751BE500F423C6 /* MainViewController.swift in Sources */,
				5F0E74B923750FA900F423C6 /* currencyHistory.xcdatamodeld in Sources */,
				5F0E74B423750E5200F423C6 /* APIManager.swift in Sources */,
				5F0E748223750D9600F423C6 /* AppDelegate.swift in Sources */,
				5F0E748423750D9600F423C6 /* SceneDelegate.swift in Sources */,
				5F0E74BB237510B800F423C6 /* APIManagerProtocol.swift in Sources */,
				5F0E74C523753C7A00F423C6 /* CCStoryboard.swift in Sources */,
				5F0E74C323751C1400F423C6 /* PortalViewController.swift in Sources */,
				5F0E748623750D9600F423C6 /* ContentView.swift in Sources */,
			);
			runOnlyForDeploymentPostprocessing = 0;
		};
		5F0E749023750D9A00F423C6 /* Sources */ = {
			isa = PBXSourcesBuildPhase;
			buildActionMask = 2147483647;
			files = (
				5F0E749923750D9A00F423C6 /* CurrencyConversionTests.swift in Sources */,
			);
			runOnlyForDeploymentPostprocessing = 0;
		};
		5F0E749B23750D9A00F423C6 /* Sources */ = {
			isa = PBXSourcesBuildPhase;
			buildActionMask = 2147483647;
			files = (
				5F0E74A423750D9A00F423C6 /* CurrencyConversionUITests.swift in Sources */,
			);
			runOnlyForDeploymentPostprocessing = 0;
		};
/* End PBXSourcesBuildPhase section */

/* Begin PBXTargetDependency section */
		5F0E749623750D9A00F423C6 /* PBXTargetDependency */ = {
			isa = PBXTargetDependency;
			target = 5F0E747D23750D9600F423C6 /* CurrencyConversion */;
			targetProxy = 5F0E749523750D9A00F423C6 /* PBXContainerItemProxy */;
		};
		5F0E74A123750D9A00F423C6 /* PBXTargetDependency */ = {
			isa = PBXTargetDependency;
			target = 5F0E747D23750D9600F423C6 /* CurrencyConversion */;
			targetProxy = 5F0E74A023750D9A00F423C6 /* PBXContainerItemProxy */;
		};
/* End PBXTargetDependency section */

/* Begin PBXVariantGroup section */
		5F0E748C23750D9900F423C6 /* LaunchScreen.storyboard */ = {
			isa = PBXVariantGroup;
			children = (
				5F0E748D23750D9900F423C6 /* Base */,
			);
			name = LaunchScreen.storyboard;
			sourceTree = "<group>";
		};
/* End PBXVariantGroup section */

/* Begin XCBuildConfiguration section */
		5F0E74A623750D9A00F423C6 /* Debug */ = {
			isa = XCBuildConfiguration;
			buildSettings = {
				ALWAYS_SEARCH_USER_PATHS = NO;
				CLANG_ANALYZER_NONNULL = YES;
				CLANG_ANALYZER_NUMBER_OBJECT_CONVERSION = YES_AGGRESSIVE;
				CLANG_CXX_LANGUAGE_STANDARD = "gnu++14";
				CLANG_CXX_LIBRARY = "libc++";
				CLANG_ENABLE_MODULES = YES;
				CLANG_ENABLE_OBJC_ARC = YES;
				CLANG_ENABLE_OBJC_WEAK = YES;
				CLANG_WARN_BLOCK_CAPTURE_AUTORELEASING = YES;
				CLANG_WARN_BOOL_CONVERSION = YES;
				CLANG_WARN_COMMA = YES;
				CLANG_WARN_CONSTANT_CONVERSION = YES;
				CLANG_WARN_DEPRECATED_OBJC_IMPLEMENTATIONS = YES;
				CLANG_WARN_DIRECT_OBJC_ISA_USAGE = YES_ERROR;
				CLANG_WARN_DOCUMENTATION_COMMENTS = YES;
				CLANG_WARN_EMPTY_BODY = YES;
				CLANG_WARN_ENUM_CONVERSION = YES;
				CLANG_WARN_INFINITE_RECURSION = YES;
				CLANG_WARN_INT_CONVERSION = YES;
				CLANG_WARN_NON_LITERAL_NULL_CONVERSION = YES;
				CLANG_WARN_OBJC_IMPLICIT_RETAIN_SELF = YES;
				CLANG_WARN_OBJC_LITERAL_CONVERSION = YES;
				CLANG_WARN_OBJC_ROOT_CLASS = YES_ERROR;
				CLANG_WARN_RANGE_LOOP_ANALYSIS = YES;
				CLANG_WARN_STRICT_PROTOTYPES = YES;
				CLANG_WARN_SUSPICIOUS_MOVE = YES;
				CLANG_WARN_UNGUARDED_AVAILABILITY = YES_AGGRESSIVE;
				CLANG_WARN_UNREACHABLE_CODE = YES;
				CLANG_WARN__DUPLICATE_METHOD_MATCH = YES;
				COPY_PHASE_STRIP = NO;
				DEBUG_INFORMATION_FORMAT = dwarf;
				ENABLE_STRICT_OBJC_MSGSEND = YES;
				ENABLE_TESTABILITY = YES;
				GCC_C_LANGUAGE_STANDARD = gnu11;
				GCC_DYNAMIC_NO_PIC = NO;
				GCC_NO_COMMON_BLOCKS = YES;
				GCC_OPTIMIZATION_LEVEL = 0;
				GCC_PREPROCESSOR_DEFINITIONS = (
					"DEBUG=1",
					"$(inherited)",
				);
				GCC_WARN_64_TO_32_BIT_CONVERSION = YES;
				GCC_WARN_ABOUT_RETURN_TYPE = YES_ERROR;
				GCC_WARN_UNDECLARED_SELECTOR = YES;
				GCC_WARN_UNINITIALIZED_AUTOS = YES_AGGRESSIVE;
				GCC_WARN_UNUSED_FUNCTION = YES;
				GCC_WARN_UNUSED_VARIABLE = YES;
				IPHONEOS_DEPLOYMENT_TARGET = 13.1;
				MTL_ENABLE_DEBUG_INFO = INCLUDE_SOURCE;
				MTL_FAST_MATH = YES;
				ONLY_ACTIVE_ARCH = YES;
				SDKROOT = iphoneos;
				SWIFT_ACTIVE_COMPILATION_CONDITIONS = DEBUG;
				SWIFT_OPTIMIZATION_LEVEL = "-Onone";
			};
			name = Debug;
		};
		5F0E74A723750D9A00F423C6 /* Release */ = {
			isa = XCBuildConfiguration;
			buildSettings = {
				ALWAYS_SEARCH_USER_PATHS = NO;
				CLANG_ANALYZER_NONNULL = YES;
				CLANG_ANALYZER_NUMBER_OBJECT_CONVERSION = YES_AGGRESSIVE;
				CLANG_CXX_LANGUAGE_STANDARD = "gnu++14";
				CLANG_CXX_LIBRARY = "libc++";
				CLANG_ENABLE_MODULES = YES;
				CLANG_ENABLE_OBJC_ARC = YES;
				CLANG_ENABLE_OBJC_WEAK = YES;
				CLANG_WARN_BLOCK_CAPTURE_AUTORELEASING = YES;
				CLANG_WARN_BOOL_CONVERSION = YES;
				CLANG_WARN_COMMA = YES;
				CLANG_WARN_CONSTANT_CONVERSION = YES;
				CLANG_WARN_DEPRECATED_OBJC_IMPLEMENTATIONS = YES;
				CLANG_WARN_DIRECT_OBJC_ISA_USAGE = YES_ERROR;
				CLANG_WARN_DOCUMENTATION_COMMENTS = YES;
				CLANG_WARN_EMPTY_BODY = YES;
				CLANG_WARN_ENUM_CONVERSION = YES;
				CLANG_WARN_INFINITE_RECURSION = YES;
				CLANG_WARN_INT_CONVERSION = YES;
				CLANG_WARN_NON_LITERAL_NULL_CONVERSION = YES;
				CLANG_WARN_OBJC_IMPLICIT_RETAIN_SELF = YES;
				CLANG_WARN_OBJC_LITERAL_CONVERSION = YES;
				CLANG_WARN_OBJC_ROOT_CLASS = YES_ERROR;
				CLANG_WARN_RANGE_LOOP_ANALYSIS = YES;
				CLANG_WARN_STRICT_PROTOTYPES = YES;
				CLANG_WARN_SUSPICIOUS_MOVE = YES;
				CLANG_WARN_UNGUARDED_AVAILABILITY = YES_AGGRESSIVE;
				CLANG_WARN_UNREACHABLE_CODE = YES;
				CLANG_WARN__DUPLICATE_METHOD_MATCH = YES;
				COPY_PHASE_STRIP = NO;
				DEBUG_INFORMATION_FORMAT = "dwarf-with-dsym";
				ENABLE_NS_ASSERTIONS = NO;
				ENABLE_STRICT_OBJC_MSGSEND = YES;
				GCC_C_LANGUAGE_STANDARD = gnu11;
				GCC_NO_COMMON_BLOCKS = YES;
				GCC_WARN_64_TO_32_BIT_CONVERSION = YES;
				GCC_WARN_ABOUT_RETURN_TYPE = YES_ERROR;
				GCC_WARN_UNDECLARED_SELECTOR = YES;
				GCC_WARN_UNINITIALIZED_AUTOS = YES_AGGRESSIVE;
				GCC_WARN_UNUSED_FUNCTION = YES;
				GCC_WARN_UNUSED_VARIABLE = YES;
				IPHONEOS_DEPLOYMENT_TARGET = 13.1;
				MTL_ENABLE_DEBUG_INFO = NO;
				MTL_FAST_MATH = YES;
				SDKROOT = iphoneos;
				SWIFT_COMPILATION_MODE = wholemodule;
				SWIFT_OPTIMIZATION_LEVEL = "-O";
				VALIDATE_PRODUCT = YES;
			};
			name = Release;
		};
		5F0E74A923750D9A00F423C6 /* Debug */ = {
			isa = XCBuildConfiguration;
			buildSettings = {
				ASSETCATALOG_COMPILER_APPICON_NAME = AppIcon;
				CODE_SIGN_STYLE = Automatic;
				DEVELOPMENT_ASSET_PATHS = "\"CurrencyConversion/Preview Content\"";
				DEVELOPMENT_TEAM = 8P3F3456KH;
				ENABLE_PREVIEWS = YES;
				INFOPLIST_FILE = CurrencyConversion/Info.plist;
				LD_RUNPATH_SEARCH_PATHS = (
					"$(inherited)",
					"@executable_path/Frameworks",
				);
				PRODUCT_BUNDLE_IDENTIFIER = co.yiling.CurrencyConversion;
				PRODUCT_NAME = "$(TARGET_NAME)";
				SWIFT_VERSION = 5.0;
				TARGETED_DEVICE_FAMILY = "1,2";
			};
			name = Debug;
		};
		5F0E74AA23750D9A00F423C6 /* Release */ = {
			isa = XCBuildConfiguration;
			buildSettings = {
				ASSETCATALOG_COMPILER_APPICON_NAME = AppIcon;
				CODE_SIGN_STYLE = Automatic;
				DEVELOPMENT_ASSET_PATHS = "\"CurrencyConversion/Preview Content\"";
				DEVELOPMENT_TEAM = 8P3F3456KH;
				ENABLE_PREVIEWS = YES;
				INFOPLIST_FILE = CurrencyConversion/Info.plist;
				LD_RUNPATH_SEARCH_PATHS = (
					"$(inherited)",
					"@executable_path/Frameworks",
				);
				PRODUCT_BUNDLE_IDENTIFIER = co.yiling.CurrencyConversion;
				PRODUCT_NAME = "$(TARGET_NAME)";
				SWIFT_VERSION = 5.0;
				TARGETED_DEVICE_FAMILY = "1,2";
			};
			name = Release;
		};
		5F0E74AC23750D9A00F423C6 /* Debug */ = {
			isa = XCBuildConfiguration;
			buildSettings = {
				ALWAYS_EMBED_SWIFT_STANDARD_LIBRARIES = YES;
				BUNDLE_LOADER = "$(TEST_HOST)";
				CODE_SIGN_STYLE = Automatic;
				DEVELOPMENT_TEAM = 8P3F3456KH;
				INFOPLIST_FILE = CurrencyConversionTests/Info.plist;
				IPHONEOS_DEPLOYMENT_TARGET = 13.1;
				LD_RUNPATH_SEARCH_PATHS = (
					"$(inherited)",
					"@executable_path/Frameworks",
					"@loader_path/Frameworks",
				);
				PRODUCT_BUNDLE_IDENTIFIER = co.yiling.CurrencyConversionTests;
				PRODUCT_NAME = "$(TARGET_NAME)";
				SWIFT_VERSION = 5.0;
				TARGETED_DEVICE_FAMILY = "1,2";
				TEST_HOST = "$(BUILT_PRODUCTS_DIR)/CurrencyConversion.app/CurrencyConversion";
			};
			name = Debug;
		};
		5F0E74AD23750D9A00F423C6 /* Release */ = {
			isa = XCBuildConfiguration;
			buildSettings = {
				ALWAYS_EMBED_SWIFT_STANDARD_LIBRARIES = YES;
				BUNDLE_LOADER = "$(TEST_HOST)";
				CODE_SIGN_STYLE = Automatic;
				DEVELOPMENT_TEAM = 8P3F3456KH;
				INFOPLIST_FILE = CurrencyConversionTests/Info.plist;
				IPHONEOS_DEPLOYMENT_TARGET = 13.1;
				LD_RUNPATH_SEARCH_PATHS = (
					"$(inherited)",
					"@executable_path/Frameworks",
					"@loader_path/Frameworks",
				);
				PRODUCT_BUNDLE_IDENTIFIER = co.yiling.CurrencyConversionTests;
				PRODUCT_NAME = "$(TARGET_NAME)";
				SWIFT_VERSION = 5.0;
				TARGETED_DEVICE_FAMILY = "1,2";
				TEST_HOST = "$(BUILT_PRODUCTS_DIR)/CurrencyConversion.app/CurrencyConversion";
			};
			name = Release;
		};
		5F0E74AF23750D9A00F423C6 /* Debug */ = {
			isa = XCBuildConfiguration;
			buildSettings = {
				ALWAYS_EMBED_SWIFT_STANDARD_LIBRARIES = YES;
				CODE_SIGN_STYLE = Automatic;
				DEVELOPMENT_TEAM = 8P3F3456KH;
				INFOPLIST_FILE = CurrencyConversionUITests/Info.plist;
				LD_RUNPATH_SEARCH_PATHS = (
					"$(inherited)",
					"@executable_path/Frameworks",
					"@loader_path/Frameworks",
				);
				PRODUCT_BUNDLE_IDENTIFIER = co.yiling.CurrencyConversionUITests;
				PRODUCT_NAME = "$(TARGET_NAME)";
				SWIFT_VERSION = 5.0;
				TARGETED_DEVICE_FAMILY = "1,2";
				TEST_TARGET_NAME = CurrencyConversion;
			};
			name = Debug;
		};
		5F0E74B023750D9A00F423C6 /* Release */ = {
			isa = XCBuildConfiguration;
			buildSettings = {
				ALWAYS_EMBED_SWIFT_STANDARD_LIBRARIES = YES;
				CODE_SIGN_STYLE = Automatic;
				DEVELOPMENT_TEAM = 8P3F3456KH;
				INFOPLIST_FILE = CurrencyConversionUITests/Info.plist;
				LD_RUNPATH_SEARCH_PATHS = (
					"$(inherited)",
					"@executable_path/Frameworks",
					"@loader_path/Frameworks",
				);
				PRODUCT_BUNDLE_IDENTIFIER = co.yiling.CurrencyConversionUITests;
				PRODUCT_NAME = "$(TARGET_NAME)";
				SWIFT_VERSION = 5.0;
				TARGETED_DEVICE_FAMILY = "1,2";
				TEST_TARGET_NAME = CurrencyConversion;
			};
			name = Release;
		};
/* End XCBuildConfiguration section */

/* Begin XCConfigurationList section */
		5F0E747923750D9600F423C6 /* Build configuration list for PBXProject "CurrencyConversion" */ = {
			isa = XCConfigurationList;
			buildConfigurations = (
				5F0E74A623750D9A00F423C6 /* Debug */,
				5F0E74A723750D9A00F423C6 /* Release */,
			);
			defaultConfigurationIsVisible = 0;
			defaultConfigurationName = Release;
		};
		5F0E74A823750D9A00F423C6 /* Build configuration list for PBXNativeTarget "CurrencyConversion" */ = {
			isa = XCConfigurationList;
			buildConfigurations = (
				5F0E74A923750D9A00F423C6 /* Debug */,
				5F0E74AA23750D9A00F423C6 /* Release */,
			);
			defaultConfigurationIsVisible = 0;
			defaultConfigurationName = Release;
		};
		5F0E74AB23750D9A00F423C6 /* Build configuration list for PBXNativeTarget "CurrencyConversionTests" */ = {
			isa = XCConfigurationList;
			buildConfigurations = (
				5F0E74AC23750D9A00F423C6 /* Debug */,
				5F0E74AD23750D9A00F423C6 /* Release */,
			);
			defaultConfigurationIsVisible = 0;
			defaultConfigurationName = Release;
		};
		5F0E74AE23750D9A00F423C6 /* Build configuration list for PBXNativeTarget "CurrencyConversionUITests" */ = {
			isa = XCConfigurationList;
			buildConfigurations = (
				5F0E74AF23750D9A00F423C6 /* Debug */,
				5F0E74B023750D9A00F423C6 /* Release */,
			);
			defaultConfigurationIsVisible = 0;
			defaultConfigurationName = Release;
		};
/* End XCConfigurationList section */

/* Begin XCVersionGroup section */
		5F0E74B723750FA900F423C6 /* currencyHistory.xcdatamodeld */ = {
			isa = XCVersionGroup;
			children = (
				5F0E74B823750FA900F423C6 /* currencyHistory.xcdatamodel */,
			);
			currentVersion = 5F0E74B823750FA900F423C6 /* currencyHistory.xcdatamodel */;
			path = currencyHistory.xcdatamodeld;
			sourceTree = "<group>";
			versionGroupType = wrapper.xcdatamodel;
		};
/* End XCVersionGroup section */
	};
	rootObject = 5F0E747623750D9600F423C6 /* Project object */;
}
